
Microsoft Visual Studio Solution File, Format Version 10.00
# Visual Studio 2008
Project("{8BC9CEB8-8B4A-11D0-8D11-00A0C91BC942}") = "osip2", "src\libosip2-3.6.0\platform\vsnet\osip2.vcproj", "{85255507-5D16-4218-85E2-F683BB2F04DA}"
	ProjectSection(ProjectDependencies) = postProject
		{44F46B7E-0E51-4304-9735-330DFBAB41E5} = {44F46B7E-0E51-4304-9735-330DFBAB41E5}
	EndProjectSection
EndProject
Project("{8BC9CEB8-8B4A-11D0-8D11-00A0C91BC942}") = "osipparser2", "src\libosip2-3.6.0\platform\vsnet\osipparser2.vcproj", "{44F46B7E-0E51-4304-9735-330DFBAB41E5}"
EndProject
Project("{8BC9CEB8-8B4A-11D0-8D11-00A0C91BC942}") = "eXosip", "src\libeXosip2-3.6.0\platform\vsnet\eXosip.vcproj", "{4EA67539-9EE9-4065-BD39-87E517FD8262}"
	ProjectSection(ProjectDependencies) = postProject
		{85255507-5D16-4218-85E2-F683BB2F04DA} = {85255507-5D16-4218-85E2-F683BB2F04DA}
		{44F46B7E-0E51-4304-9735-330DFBAB41E5} = {44F46B7E-0E51-4304-9735-330DFBAB41E5}
	EndProjectSection
EndProject
Project("{8BC9CEB8-8B4A-11D0-8D11-00A0C91BC942}") = "SipStack", "src\SipStack\SipStack.vcproj", "{2C257EC4-E850-4454-8484-574E113CDD74}"
	ProjectSection(ProjectDependencies) = postProject
		{85255507-5D16-4218-85E2-F683BB2F04DA} = {85255507-5D16-4218-85E2-F683BB2F04DA}
		{4EA67539-9EE9-4065-BD39-87E517FD8262} = {4EA67539-9EE9-4065-BD39-87E517FD8262}
		{44F46B7E-0E51-4304-9735-330DFBAB41E5} = {44F46B7E-0E51-4304-9735-330DFBAB41E5}
	EndProjectSection
EndProject
Project("{8BC9CEB8-8B4A-11D0-8D11-00A0C91BC942}") = "test", "test\src\test.vcproj", "{7E79BCC5-AF70-4646-A7C1-04D653AFF30F}"
	ProjectSection(ProjectDependencies) = postProject
		{85255507-5D16-4218-85E2-F683BB2F04DA} = {85255507-5D16-4218-85E2-F683BB2F04DA}
		{4EA67539-9EE9-4065-BD39-87E517FD8262} = {4EA67539-9EE9-4065-BD39-87E517FD8262}
		{44F46B7E-0E51-4304-9735-330DFBAB41E5} = {44F46B7E-0E51-4304-9735-330DFBAB41E5}
		{2C257EC4-E850-4454-8484-574E113CDD74} = {2C257EC4-E850-4454-8484-574E113CDD74}
	EndProjectSection
EndProject
Global
	GlobalSection(SolutionConfigurationPlatforms) = preSolution
		Debug DLL|Win32 = Debug DLL|Win32
		Debug|Win32 = Debug|Win32
		Release DLL|Win32 = Release DLL|Win32
		Release|Win32 = Release|Win32
	EndGlobalSection
	GlobalSection(ProjectConfigurationPlatforms) = postSolution
		{85255507-5D16-4218-85E2-F683BB2F04DA}.Debug DLL|Win32.ActiveCfg = Debug DLL|Win32
		{85255507-5D16-4218-85E2-F683BB2F04DA}.Debug DLL|Win32.Build.0 = Debug DLL|Win32
		{85255507-5D16-4218-85E2-F683BB2F04DA}.Debug|Win32.ActiveCfg = Debug|Win32
		{85255507-5D16-4218-85E2-F683BB2F04DA}.Debug|Win32.Build.0 = Debug|Win32
		{85255507-5D16-4218-85E2-F683BB2F04DA}.Release DLL|Win32.ActiveCfg = Release DLL|Win32
		{85255507-5D16-4218-85E2-F683BB2F04DA}.Release DLL|Win32.Build.0 = Release DLL|Win32
		{85255507-5D16-4218-85E2-F683BB2F04DA}.Release|Win32.ActiveCfg = Release|Win32
		{85255507-5D16-4218-85E2-F683BB2F04DA}.Release|Win32.Build.0 = Release|Win32
		{44F46B7E-0E51-4304-9735-330DFBAB41E5}.Debug DLL|Win32.ActiveCfg = Debug DLL|Win32
		{44F46B7E-0E51-4304-9735-330DFBAB41E5}.Debug DLL|Win32.Build.0 = Debug DLL|Win32
		{44F46B7E-0E51-4304-9735-330DFBAB41E5}.Debug|Win32.ActiveCfg = Debug|Win32
		{44F46B7E-0E51-4304-9735-330DFBAB41E5}.Debug|Win32.Build.0 = Debug|Win32
		{44F46B7E-0E51-4304-9735-330DFBAB41E5}.Release DLL|Win32.ActiveCfg = Release DLL|Win32
		{44F46B7E-0E51-4304-9735-330DFBAB41E5}.Release DLL|Win32.Build.0 = Release DLL|Win32
		{44F46B7E-0E51-4304-9735-330DFBAB41E5}.Release|Win32.ActiveCfg = Release|Win32
		{44F46B7E-0E51-4304-9735-330DFBAB41E5}.Release|Win32.Build.0 = Release|Win32
		{4EA67539-9EE9-4065-BD39-87E517FD8262}.Debug DLL|Win32.ActiveCfg = Debug|Win32
		{4EA67539-9EE9-4065-BD39-87E517FD8262}.Debug DLL|Win32.Build.0 = Debug|Win32
		{4EA67539-9EE9-4065-BD39-87E517FD8262}.Debug|Win32.ActiveCfg = Debug|Win32
		{4EA67539-9EE9-4065-BD39-87E517FD8262}.Debug|Win32.Build.0 = Debug|Win32
		{4EA67539-9EE9-4065-BD39-87E517FD8262}.Release DLL|Win32.ActiveCfg = Release|Win32
		{4EA67539-9EE9-4065-BD39-87E517FD8262}.Release DLL|Win32.Build.0 = Release|Win32
		{4EA67539-9EE9-4065-BD39-87E517FD8262}.Release|Win32.ActiveCfg = Release|Win32
		{4EA67539-9EE9-4065-BD39-87E517FD8262}.Release|Win32.Build.0 = Release|Win32
		{2C257EC4-E850-4454-8484-574E113CDD74}.Debug DLL|Win32.ActiveCfg = Debug|Win32
		{2C257EC4-E850-4454-8484-574E113CDD74}.Debug DLL|Win32.Build.0 = Debug|Win32
		{2C257EC4-E850-4454-8484-574E113CDD74}.Debug|Win32.ActiveCfg = Debug|Win32
		{2C257EC4-E850-4454-8484-574E113CDD74}.Debug|Win32.Build.0 = Debug|Win32
		{2C257EC4-E850-4454-8484-574E113CDD74}.Release DLL|Win32.ActiveCfg = Release|Win32
		{2C257EC4-E850-4454-8484-574E113CDD74}.Release DLL|Win32.Build.0 = Release|Win32
		{2C257EC4-E850-4454-8484-574E113CDD74}.Release|Win32.ActiveCfg = Release|Win32
		{2C257EC4-E850-4454-8484-574E113CDD74}.Release|Win32.Build.0 = Release|Win32
		{7E79BCC5-AF70-4646-A7C1-04D653AFF30F}.Debug DLL|Win32.ActiveCfg = Debug|Win32
		{7E79BCC5-AF70-4646-A7C1-04D653AFF30F}.Debug DLL|Win32.Build.0 = Debug|Win32
		{7E79BCC5-AF70-4646-A7C1-04D653AFF30F}.Debug|Win32.ActiveCfg = Debug|Win32
		{7E79BCC5-AF70-4646-A7C1-04D653AFF30F}.Debug|Win32.Build.0 = Debug|Win32
		{7E79BCC5-AF70-4646-A7C1-04D653AFF30F}.Release DLL|Win32.ActiveCfg = Release|Win32
		{7E79BCC5-AF70-4646-A7C1-04D653AFF30F}.Release DLL|Win32.Build.0 = Release|Win32
		{7E79BCC5-AF70-4646-A7C1-04D653AFF30F}.Release|Win32.ActiveCfg = Release|Win32
		{7E79BCC5-AF70-4646-A7C1-04D653AFF30F}.Release|Win32.Build.0 = Release|Win32
	EndGlobalSection
	GlobalSection(SolutionProperties) = preSolution
		HideSolutionNode = FALSE
	EndGlobalSection
EndGlobal
