
Microsoft Visual Studio Solution File, Format Version 10.00
# Visual Studio 2008
Project("{8BC9CEB8-8B4A-11D0-8D11-00A0C91BC942}") = "NetCommonStack", "NetCommonStack\NetCommonStack.vcproj", "{5586711E-C737-435A-91C9-9BCA8F1981B5}"
EndProject
Global
	GlobalSection(SolutionConfigurationPlatforms) = preSolution
		Debug|Win32 = Debug|Win32
		Debug|Windows Mobile 6 Professional SDK (ARMV4I) = Debug|Windows Mobile 6 Professional SDK (ARMV4I)
		Release|Win32 = Release|Win32
		Release|Windows Mobile 6 Professional SDK (ARMV4I) = Release|Windows Mobile 6 Professional SDK (ARMV4I)
	EndGlobalSection
	GlobalSection(ProjectConfigurationPlatforms) = postSolution
		{5586711E-C737-435A-91C9-9BCA8F1981B5}.Debug|Win32.ActiveCfg = Debug|Win32
		{5586711E-C737-435A-91C9-9BCA8F1981B5}.Debug|Win32.Build.0 = Debug|Win32
		{5586711E-C737-435A-91C9-9BCA8F1981B5}.Debug|Windows Mobile 6 Professional SDK (ARMV4I).ActiveCfg = Debug|Windows Mobile 6 Professional SDK (ARMV4I)
		{5586711E-C737-435A-91C9-9BCA8F1981B5}.Debug|Windows Mobile 6 Professional SDK (ARMV4I).Build.0 = Debug|Windows Mobile 6 Professional SDK (ARMV4I)
		{5586711E-C737-435A-91C9-9BCA8F1981B5}.Debug|Windows Mobile 6 Professional SDK (ARMV4I).Deploy.0 = Debug|Windows Mobile 6 Professional SDK (ARMV4I)
		{5586711E-C737-435A-91C9-9BCA8F1981B5}.Release|Win32.ActiveCfg = Release|Win32
		{5586711E-C737-435A-91C9-9BCA8F1981B5}.Release|Win32.Build.0 = Release|Win32
		{5586711E-C737-435A-91C9-9BCA8F1981B5}.Release|Windows Mobile 6 Professional SDK (ARMV4I).ActiveCfg = Release|Windows Mobile 6 Professional SDK (ARMV4I)
		{5586711E-C737-435A-91C9-9BCA8F1981B5}.Release|Windows Mobile 6 Professional SDK (ARMV4I).Build.0 = Release|Windows Mobile 6 Professional SDK (ARMV4I)
		{5586711E-C737-435A-91C9-9BCA8F1981B5}.Release|Windows Mobile 6 Professional SDK (ARMV4I).Deploy.0 = Release|Windows Mobile 6 Professional SDK (ARMV4I)
	EndGlobalSection
	GlobalSection(SolutionProperties) = preSolution
		HideSolutionNode = FALSE
	EndGlobalSection
EndGlobal
